
Microsoft Visual Studio Solution File, Format Version 12.00
Project("{FAE04EC0-301F-11D3-BF4B-00C04F79EFBC}") = "RPELineParentUnbinder", "RPELineParentUnbinder\RPELineParentUnbinder.csproj", "{74761515-7852-4AEB-8D8A-4BF614D2EE98}"
EndProject
Global
	GlobalSection(SolutionConfigurationPlatforms) = preSolution
		Debug|Any CPU = Debug|Any CPU
		Release|Any CPU = Release|Any CPU
		Release|x64 = Release|x64
		Release|x86 = Release|x86
	EndGlobalSection
	GlobalSection(ProjectConfigurationPlatforms) = postSolution
		{74761515-7852-4AEB-8D8A-4BF614D2EE98}.Debug|Any CPU.ActiveCfg = Debug|Any CPU
		{74761515-7852-4AEB-8D8A-4BF614D2EE98}.Debug|Any CPU.Build.0 = Debug|Any CPU
		{74761515-7852-4AEB-8D8A-4BF614D2EE98}.Release|x64.ActiveCfg = Debug|Any CPU
		{74761515-7852-4AEB-8D8A-4BF614D2EE98}.Release|x64.Build.0 = Debug|Any CPU
		{74761515-7852-4AEB-8D8A-4BF614D2EE98}.Release|x86.ActiveCfg = Release|x86
		{74761515-7852-4AEB-8D8A-4BF614D2EE98}.Release|x86.Build.0 = Release|x86
	EndGlobalSection
EndGlobal
